
Microsoft Visual Studio Solution File, Format Version 12.00
# Visual Studio Version 16
VisualStudioVersion = 16.0.29503.13
MinimumVisualStudioVersion = 10.0.40219.1
Project("{FAE04EC0-301F-11D3-BF4B-00C04F79EFBC}") = "EmpowerOps.Volition.ClientRef", "csharp-client-reference\EmpowerOps.Volition.ClientRef.csproj", "{FFA500F3-8844-4887-832C-1F1215119DDA}"
EndProject
Project("{FAE04EC0-301F-11D3-BF4B-00C04F79EFBC}") = "EmpowerOps.Volition.Api", "api\EmpowerOps.Volition.Api.csproj", "{1AC199B1-9D40-42E6-B124-74E8EE4B8C71}"
EndProject
Project("{8BC9CEB8-8B4A-11D0-8D11-00A0C91BC942}") = "cpp-client-reference", "cpp-client-reference\cpp-client-reference.vcxproj", "{0D219477-F7B3-45DD-9ABF-0D25130897EB}"
EndProject
Global
	GlobalSection(SolutionConfigurationPlatforms) = preSolution
		Debug|Any CPU = Debug|Any CPU
		Debug|ARM = Debug|ARM
		Debug|ARM64 = Debug|ARM64
		Debug|x64 = Debug|x64
		Debug|x86 = Debug|x86
		Release|Any CPU = Release|Any CPU
		Release|ARM = Release|ARM
		Release|ARM64 = Release|ARM64
		Release|x64 = Release|x64
		Release|x86 = Release|x86
	EndGlobalSection
	GlobalSection(ProjectConfigurationPlatforms) = postSolution
		{FFA500F3-8844-4887-832C-1F1215119DDA}.Debug|Any CPU.ActiveCfg = Debug|Any CPU
		{FFA500F3-8844-4887-832C-1F1215119DDA}.Debug|Any CPU.Build.0 = Debug|Any CPU
		{FFA500F3-8844-4887-832C-1F1215119DDA}.Debug|ARM.ActiveCfg = Debug|Any CPU
		{FFA500F3-8844-4887-832C-1F1215119DDA}.Debug|ARM.Build.0 = Debug|Any CPU
		{FFA500F3-8844-4887-832C-1F1215119DDA}.Debug|ARM64.ActiveCfg = Debug|Any CPU
		{FFA500F3-8844-4887-832C-1F1215119DDA}.Debug|ARM64.Build.0 = Debug|Any CPU
		{FFA500F3-8844-4887-832C-1F1215119DDA}.Debug|x64.ActiveCfg = Debug|Any CPU
		{FFA500F3-8844-4887-832C-1F1215119DDA}.Debug|x64.Build.0 = Debug|Any CPU
		{FFA500F3-8844-4887-832C-1F1215119DDA}.Debug|x86.ActiveCfg = Debug|Any CPU
		{FFA500F3-8844-4887-832C-1F1215119DDA}.Debug|x86.Build.0 = Debug|Any CPU
		{FFA500F3-8844-4887-832C-1F1215119DDA}.Release|Any CPU.ActiveCfg = Release|Any CPU
		{FFA500F3-8844-4887-832C-1F1215119DDA}.Release|Any CPU.Build.0 = Release|Any CPU
		{FFA500F3-8844-4887-832C-1F1215119DDA}.Release|ARM.ActiveCfg = Release|Any CPU
		{FFA500F3-8844-4887-832C-1F1215119DDA}.Release|ARM.Build.0 = Release|Any CPU
		{FFA500F3-8844-4887-832C-1F1215119DDA}.Release|ARM64.ActiveCfg = Release|Any CPU
		{FFA500F3-8844-4887-832C-1F1215119DDA}.Release|ARM64.Build.0 = Release|Any CPU
		{FFA500F3-8844-4887-832C-1F1215119DDA}.Release|x64.ActiveCfg = Release|Any CPU
		{FFA500F3-8844-4887-832C-1F1215119DDA}.Release|x64.Build.0 = Release|Any CPU
		{FFA500F3-8844-4887-832C-1F1215119DDA}.Release|x86.ActiveCfg = Release|Any CPU
		{FFA500F3-8844-4887-832C-1F1215119DDA}.Release|x86.Build.0 = Release|Any CPU
		{1AC199B1-9D40-42E6-B124-74E8EE4B8C71}.Debug|Any CPU.ActiveCfg = Debug|Any CPU
		{1AC199B1-9D40-42E6-B124-74E8EE4B8C71}.Debug|Any CPU.Build.0 = Debug|Any CPU
		{1AC199B1-9D40-42E6-B124-74E8EE4B8C71}.Debug|ARM.ActiveCfg = Debug|Any CPU
		{1AC199B1-9D40-42E6-B124-74E8EE4B8C71}.Debug|ARM.Build.0 = Debug|Any CPU
		{1AC199B1-9D40-42E6-B124-74E8EE4B8C71}.Debug|ARM64.ActiveCfg = Debug|Any CPU
		{1AC199B1-9D40-42E6-B124-74E8EE4B8C71}.Debug|ARM64.Build.0 = Debug|Any CPU
		{1AC199B1-9D40-42E6-B124-74E8EE4B8C71}.Debug|x64.ActiveCfg = Debug|Any CPU
		{1AC199B1-9D40-42E6-B124-74E8EE4B8C71}.Debug|x64.Build.0 = Debug|Any CPU
		{1AC199B1-9D40-42E6-B124-74E8EE4B8C71}.Debug|x86.ActiveCfg = Debug|Any CPU
		{1AC199B1-9D40-42E6-B124-74E8EE4B8C71}.Debug|x86.Build.0 = Debug|Any CPU
		{1AC199B1-9D40-42E6-B124-74E8EE4B8C71}.Release|Any CPU.ActiveCfg = Release|Any CPU
		{1AC199B1-9D40-42E6-B124-74E8EE4B8C71}.Release|Any CPU.Build.0 = Release|Any CPU
		{1AC199B1-9D40-42E6-B124-74E8EE4B8C71}.Release|ARM.ActiveCfg = Release|Any CPU
		{1AC199B1-9D40-42E6-B124-74E8EE4B8C71}.Release|ARM.Build.0 = Release|Any CPU
		{1AC199B1-9D40-42E6-B124-74E8EE4B8C71}.Release|ARM64.ActiveCfg = Release|Any CPU
		{1AC199B1-9D40-42E6-B124-74E8EE4B8C71}.Release|ARM64.Build.0 = Release|Any CPU
		{1AC199B1-9D40-42E6-B124-74E8EE4B8C71}.Release|x64.ActiveCfg = Release|Any CPU
		{1AC199B1-9D40-42E6-B124-74E8EE4B8C71}.Release|x64.Build.0 = Release|Any CPU
		{1AC199B1-9D40-42E6-B124-74E8EE4B8C71}.Release|x86.ActiveCfg = Release|Any CPU
		{1AC199B1-9D40-42E6-B124-74E8EE4B8C71}.Release|x86.Build.0 = Release|Any CPU
		{0D219477-F7B3-45DD-9ABF-0D25130897EB}.Debug|Any CPU.ActiveCfg = Debug|Win32
		{0D219477-F7B3-45DD-9ABF-0D25130897EB}.Debug|ARM.ActiveCfg = Debug|Win32
		{0D219477-F7B3-45DD-9ABF-0D25130897EB}.Debug|ARM64.ActiveCfg = Debug|Win32
		{0D219477-F7B3-45DD-9ABF-0D25130897EB}.Debug|x64.ActiveCfg = Debug|x64
		{0D219477-F7B3-45DD-9ABF-0D25130897EB}.Debug|x64.Build.0 = Debug|x64
		{0D219477-F7B3-45DD-9ABF-0D25130897EB}.Debug|x86.ActiveCfg = Debug|Win32
		{0D219477-F7B3-45DD-9ABF-0D25130897EB}.Debug|x86.Build.0 = Debug|Win32
		{0D219477-F7B3-45DD-9ABF-0D25130897EB}.Release|Any CPU.ActiveCfg = Release|Win32
		{0D219477-F7B3-45DD-9ABF-0D25130897EB}.Release|ARM.ActiveCfg = Release|Win32
		{0D219477-F7B3-45DD-9ABF-0D25130897EB}.Release|ARM64.ActiveCfg = Release|Win32
		{0D219477-F7B3-45DD-9ABF-0D25130897EB}.Release|x64.ActiveCfg = Release|x64
		{0D219477-F7B3-45DD-9ABF-0D25130897EB}.Release|x64.Build.0 = Release|x64
		{0D219477-F7B3-45DD-9ABF-0D25130897EB}.Release|x86.ActiveCfg = Release|Win32
		{0D219477-F7B3-45DD-9ABF-0D25130897EB}.Release|x86.Build.0 = Release|Win32
	EndGlobalSection
	GlobalSection(SolutionProperties) = preSolution
		HideSolutionNode = FALSE
	EndGlobalSection
	GlobalSection(ExtensibilityGlobals) = postSolution
		SolutionGuid = {FDF3EFB4-132E-4D8A-B7A7-60FFD5660855}
	EndGlobalSection
EndGlobal
