
Microsoft Visual Studio Solution File, Format Version 12.00
# Visual Studio Version 17
VisualStudioVersion = 17.2.32616.157
MinimumVisualStudioVersion = 10.0.40219.1
Project("{FAE04EC0-301F-11D3-BF4B-00C04F79EFBC}") = "api", "api.csproj", "{7D464628-9B5A-4D96-A15B-F61AC5444AC4}"
EndProject
Global
	GlobalSection(SolutionConfigurationPlatforms) = preSolution
		Debug|Any CPU = Debug|Any CPU
		Release|Any CPU = Release|Any CPU
	EndGlobalSection
	GlobalSection(ProjectConfigurationPlatforms) = postSolution
		{7D464628-9B5A-4D96-A15B-F61AC5444AC4}.Debug|Any CPU.ActiveCfg = Debug|Any CPU
		{7D464628-9B5A-4D96-A15B-F61AC5444AC4}.Debug|Any CPU.Build.0 = Debug|Any CPU
		{7D464628-9B5A-4D96-A15B-F61AC5444AC4}.Release|Any CPU.ActiveCfg = Release|Any CPU
		{7D464628-9B5A-4D96-A15B-F61AC5444AC4}.Release|Any CPU.Build.0 = Release|Any CPU
	EndGlobalSection
	GlobalSection(SolutionProperties) = preSolution
		HideSolutionNode = FALSE
	EndGlobalSection
	GlobalSection(ExtensibilityGlobals) = postSolution
		SolutionGuid = {58F7F0BA-FFD7-4E05-B005-6F4A1E7B35ED}
	EndGlobalSection
EndGlobal
